
Microsoft Visual Studio Solution File, Format Version 12.00
# Visual Studio Version 17
VisualStudioVersion = 17.3.32922.545
MinimumVisualStudioVersion = 10.0.40219.1
Project("{FAE04EC0-301F-11D3-BF4B-00C04F79EFBC}") = "To_Do", "To_Do\To_Do.csproj", "{07C6E8FD-8737-4A00-BBA5-03F78E107E8A}"
EndProject
Global
	GlobalSection(SolutionConfigurationPlatforms) = preSolution
		Debug|Any CPU = Debug|Any CPU
		Release|Any CPU = Release|Any CPU
	EndGlobalSection
	GlobalSection(ProjectConfigurationPlatforms) = postSolution
		{07C6E8FD-8737-4A00-BBA5-03F78E107E8A}.Debug|Any CPU.ActiveCfg = Debug|Any CPU
		{07C6E8FD-8737-4A00-BBA5-03F78E107E8A}.Debug|Any CPU.Build.0 = Debug|Any CPU
		{07C6E8FD-8737-4A00-BBA5-03F78E107E8A}.Release|Any CPU.ActiveCfg = Release|Any CPU
		{07C6E8FD-8737-4A00-BBA5-03F78E107E8A}.Release|Any CPU.Build.0 = Release|Any CPU
	EndGlobalSection
	GlobalSection(SolutionProperties) = preSolution
		HideSolutionNode = FALSE
	EndGlobalSection
	GlobalSection(ExtensibilityGlobals) = postSolution
		SolutionGuid = {D211C842-4460-4AD3-A071-D754CE161678}
	EndGlobalSection
EndGlobal
